<?xml version="1.0" encoding="utf-8"?>
<Project ToolsVersion="4.0" xmlns="http://schemas.microsoft.com/developer/msbuild/2003">
  <ItemGroup>
    <Filter Include="Source Files">
      <UniqueIdentifier>{53f3fe49-c65c-4211-a8ee-6d975d22aa40}</UniqueIdentifier>
      <Extensions>cpp;c;cxx;rc;def;r;odl;hpj;bat;for;f90</Extensions>
    </Filter>
    <Filter Include="Header Files">
      <UniqueIdentifier>{93ddb75d-4642-438e-a9e6-df5ce6bd0fbe}</UniqueIdentifier>
      <Extensions>h;hpp;hxx;hm;inl;fi;fd</Extensions>
    </Filter>
    <Filter Include="Resource Files">
      <UniqueIdentifier>{b8e60753-be81-439c-9860-bd582e3e2062}</UniqueIdentifier>
      <Extensions>ico;cur;bmp;dlg;rc2;rct;bin;cnt;rtf;gif;jpg;jpeg;jpe</Extensions>
    </Filter>
  </ItemGroup>
  <ItemGroup>
    <ClCompile Include="ACorrDlg.cpp">
      <Filter>Source Files</Filter>
    </ClCompile>
    <ClCompile Include="ChooseAGridDlg.cpp">
      <Filter>Source Files</Filter>
    </ClCompile>
    <ClCompile Include="ChooseManyGridsDlg.cpp">
      <Filter>Source Files</Filter>
    </ClCompile>
    <ClCompile Include="colourmodel.cpp">
      <Filter>Source Files</Filter>
    </ClCompile>
    <ClCompile Include="ConfigForm.cpp">
      <Filter>Source Files</Filter>
    </ClCompile>
    <ClCompile Include="contour.cpp">
      <Filter>Source Files</Filter>
    </ClCompile>
    <ClCompile Include="Dbrent.cpp">
      <Filter>Source Files</Filter>
    </ClCompile>
    <ClCompile Include="DCTSDlg.cpp">
      <Filter>Source Files</Filter>
    </ClCompile>
    <ClCompile Include="Df1dim.cpp">
      <Filter>Source Files</Filter>
    </ClCompile>
    <ClCompile Include="Dfpmin.cpp">
      <Filter>Source Files</Filter>
    </ClCompile>
    <ClCompile Include="Distmat.cpp">
      <Filter>Source Files</Filter>
    </ClCompile>
    <ClCompile Include="Dlinmin.cpp">
      <Filter>Source Files</Filter>
    </ClCompile>
    <ClCompile Include="Expfit.cpp">
      <Filter>Source Files</Filter>
    </ClCompile>
    <ClCompile Include="F1dim.cpp">
      <Filter>Source Files</Filter>
    </ClCompile>
    <ClCompile Include="faultcub.cpp">
      <Filter>Source Files</Filter>
    </ClCompile>
    <ClCompile Include="fft.cpp">
      <Filter>Source Files</Filter>
    </ClCompile>
    <ClCompile Include="FFT_Dlg.cpp">
      <Filter>Source Files</Filter>
    </ClCompile>
    <ClCompile Include="Finetune.cpp">
      <Filter>Source Files</Filter>
    </ClCompile>
    <ClCompile Include="FT_QH1.cpp">
      <Filter>Source Files</Filter>
    </ClCompile>
    <ClCompile Include="FT_QH2.cpp">
      <Filter>Source Files</Filter>
    </ClCompile>
    <ClCompile Include="FT_Sheet.cpp">
      <Filter>Source Files</Filter>
    </ClCompile>
    <ClCompile Include="FTCF_P.cpp">
      <Filter>Source Files</Filter>
    </ClCompile>
    <ClCompile Include="FTF_P.cpp">
      <Filter>Source Files</Filter>
    </ClCompile>
    <ClCompile Include="FTM_P.cpp">
      <Filter>Source Files</Filter>
    </ClCompile>
    <ClCompile Include="ftrespag.cpp">
      <Filter>Source Files</Filter>
    </ClCompile>
    <ClCompile Include="FTW_P.cpp">
      <Filter>Source Files</Filter>
    </ClCompile>
    <ClCompile Include="Funclib.cpp">
      <Filter>Source Files</Filter>
    </ClCompile>
    <ClCompile Include="GDbLDlg.cpp">
      <Filter>Source Files</Filter>
    </ClCompile>
    <ClCompile Include="Gl2d.cpp">
      <Filter>Source Files</Filter>
    </ClCompile>
    <ClCompile Include="Helper.cpp">
      <Filter>Source Files</Filter>
    </ClCompile>
    <ClCompile Include="Httdlg.cpp">
      <Filter>Source Files</Filter>
    </ClCompile>
    <ClCompile Include="Linmin.cpp">
      <Filter>Source Files</Filter>
    </ClCompile>
    <ClCompile Include="Mainfrm.cpp">
      <Filter>Source Files</Filter>
    </ClCompile>
    <ClCompile Include="Map1View.cpp">
      <Filter>Source Files</Filter>
    </ClCompile>
    <ClCompile Include="Mnbrak.cpp">
      <Filter>Source Files</Filter>
    </ClCompile>
    <ClCompile Include="NETChecker.cpp">
      <Filter>Source Files</Filter>
    </ClCompile>
    <ClCompile Include="Nrutil.cpp">
      <Filter>Source Files</Filter>
    </ClCompile>
    <ClCompile Include="Numericr.cpp">
      <Filter>Source Files</Filter>
    </ClCompile>
    <ClCompile Include="numerics.cpp">
      <Filter>Source Files</Filter>
    </ClCompile>
    <ClCompile Include="OpenFileBrowser.cpp">
      <Filter>Source Files</Filter>
    </ClCompile>
    <ClCompile Include="PLogDlg.cpp">
      <Filter>Source Files</Filter>
    </ClCompile>
    <ClCompile Include="RayTracePropsDlg.cpp">
      <Filter>Source Files</Filter>
    </ClCompile>
    <ClCompile Include="RebSDlg.cpp">
      <Filter>Source Files</Filter>
    </ClCompile>
    <ClCompile Include="SDCODlg.cpp">
      <Filter>Source Files</Filter>
    </ClCompile>
    <ClCompile Include="Seisdata.cpp">
      <Filter>Source Files</Filter>
    </ClCompile>
    <ClCompile Include="SGO_Dlg.cpp">
      <Filter>Source Files</Filter>
    </ClCompile>
    <ClCompile Include="Stdafx.cpp">
      <Filter>Source Files</Filter>
    </ClCompile>
    <ClCompile Include="SWODlg.cpp">
      <Filter>Source Files</Filter>
    </ClCompile>
    <ClCompile Include="TCDptDlg.cpp">
      <Filter>Source Files</Filter>
    </ClCompile>
    <ClCompile Include="TieImDlg.cpp">
      <Filter>Source Files</Filter>
    </ClCompile>
    <ClCompile Include="Tpswrap.cpp">
      <Filter>Source Files</Filter>
    </ClCompile>
    <ClCompile Include="Velman.cpp">
      <Filter>Source Files</Filter>
    </ClCompile>
    <ClCompile Include="VelmanPalette.cpp">
      <Filter>Source Files</Filter>
    </ClCompile>
    <ClCompile Include="Wellclas.cpp">
      <Filter>Source Files</Filter>
    </ClCompile>
    <ClCompile Include="Zimscube.cpp">
      <Filter>Source Files</Filter>
    </ClCompile>
    <ClCompile Include="Zimsgrid.cpp">
      <Filter>Source Files</Filter>
    </ClCompile>
    <ClCompile Include="RmsImportDlg.cpp">
      <Filter>Source Files</Filter>
    </ClCompile>
    <ClCompile Include="WellForecastDlg.cpp">
      <Filter>Source Files</Filter>
    </ClCompile>
    <ClCompile Include="WellhorzDlg.cpp">
      <Filter>Source Files</Filter>
    </ClCompile>
    <ClCompile Include="IMRDlg.cpp">
      <Filter>Source Files</Filter>
    </ClCompile>
    <ClCompile Include="EditwellDlg.cpp">
      <Filter>Source Files</Filter>
    </ClCompile>
    <ClCompile Include="ProgressDlg.cpp">
      <Filter>Source Files</Filter>
    </ClCompile>
    <ClCompile Include="ChooseWellDlg.cpp">
      <Filter>Source Files</Filter>
    </ClCompile>
    <ClCompile Include="OverwriteNullDlg.cpp">
      <Filter>Source Files</Filter>
    </ClCompile>
    <ClCompile Include="DesignateGridDlg.cpp">
      <Filter>Source Files</Filter>
    </ClCompile>
    <ClCompile Include="WellTablesDlg.cpp">
      <Filter>Source Files</Filter>
    </ClCompile>
    <ClCompile Include="WellDataView.cpp">
      <Filter>Source Files</Filter>
    </ClCompile>
    <ClCompile Include="2dsuppDlg.cpp">
      <Filter>Source Files</Filter>
    </ClCompile>
    <ClCompile Include="ConstantGridDlg.cpp">
      <Filter>Source Files</Filter>
    </ClCompile>
    <ClCompile Include="ContourSettingsDlg.cpp">
      <Filter>Source Files</Filter>
    </ClCompile>
    <ClCompile Include="CoarseViewDlg.cpp">
      <Filter>Source Files</Filter>
    </ClCompile>
    <ClCompile Include="DefineHorDlg.cpp">
      <Filter>Source Files</Filter>
    </ClCompile>
    <ClCompile Include="FiltManDlg.cpp">
      <Filter>Source Files</Filter>
    </ClCompile>
    <ClCompile Include="GridArithDlg.cpp">
      <Filter>Source Files</Filter>
    </ClCompile>
    <ClCompile Include="GridExpDlg.cpp">
      <Filter>Source Files</Filter>
    </ClCompile>
    <ClCompile Include="GridImpDlg.cpp">
      <Filter>Source Files</Filter>
    </ClCompile>
    <ClCompile Include="GridStatDlg.cpp">
      <Filter>Source Files</Filter>
    </ClCompile>
    <ClCompile Include="ImpWellHorDataDlg.cpp">
      <Filter>Source Files</Filter>
    </ClCompile>
    <ClCompile Include="LimitGridDlg.cpp">
      <Filter>Source Files</Filter>
    </ClCompile>
    <ClCompile Include="LineCodeDlg.cpp">
      <Filter>Source Files</Filter>
    </ClCompile>
    <ClCompile Include="ListModelsView.cpp">
      <Filter>Source Files</Filter>
    </ClCompile>
    <ClCompile Include="GridRenameDlg.cpp">
      <Filter>Source Files</Filter>
    </ClCompile>
    <ClCompile Include="MapErrorDlg.cpp">
      <Filter>Source Files</Filter>
    </ClCompile>
    <ClCompile Include="ChooseLayerDlg.cpp">
      <Filter>Source Files</Filter>
    </ClCompile>
    <ClCompile Include="ChooseModelDlg.cpp">
      <Filter>Source Files</Filter>
    </ClCompile>
    <ClCompile Include="NewDirDlg.cpp">
      <Filter>Source Files</Filter>
    </ClCompile>
    <ClCompile Include="NewProj3Dlg.cpp">
      <Filter>Source Files</Filter>
    </ClCompile>
    <ClCompile Include="NewProj1Dlg.cpp">
      <Filter>Source Files</Filter>
    </ClCompile>
    <ClCompile Include="NewProj2Dlg.cpp">
      <Filter>Source Files</Filter>
    </ClCompile>
    <ClCompile Include="ProjGuideDlg.cpp">
      <Filter>Source Files</Filter>
    </ClCompile>
    <ClCompile Include="SpecAnalysisDlg.cpp">
      <Filter>Source Files</Filter>
    </ClCompile>
    <ClCompile Include="ContourView.cpp">
      <Filter>Source Files</Filter>
    </ClCompile>
    <ClCompile Include="ImportErrorDlg.cpp">
      <Filter>Source Files</Filter>
    </ClCompile>
    <ClCompile Include="TestImpResDlg.cpp">
      <Filter>Source Files</Filter>
    </ClCompile>
    <ClCompile Include="VelmanView.cpp">
      <Filter>Source Files</Filter>
    </ClCompile>
    <ClCompile Include="WellPoint.cpp">
      <Filter>Source Files</Filter>
    </ClCompile>
    <ClCompile Include="WarnoModDlg.cpp">
      <Filter>Source Files</Filter>
    </ClCompile>
    <ClCompile Include="brent.cpp">
      <Filter>Source Files</Filter>
    </ClCompile>
    <ClCompile Include="VelmanDoc.cpp">
      <Filter>Source Files</Filter>
    </ClCompile>
  </ItemGroup>
  <ItemGroup>
    <None Include="Velman.def">
      <Filter>Source Files</Filter>
    </None>
    <None Include="resource.hm">
      <Filter>Header Files</Filter>
    </None>
    <None Include="res\finetune.ico">
      <Filter>Resource Files</Filter>
    </None>
    <None Include="res\folderUp.bmp">
      <Filter>Resource Files</Filter>
    </None>
    <None Include="Res\Newprojd.bmp">
      <Filter>Resource Files</Filter>
    </None>
    <None Include="Res\Newproju.bmp">
      <Filter>Resource Files</Filter>
    </None>
    <None Include="Res\Openprod.bmp">
      <Filter>Resource Files</Filter>
    </None>
    <None Include="Res\Openprou.bmp">
      <Filter>Resource Files</Filter>
    </None>
    <None Include="Res\Proj_gui.ico">
      <Filter>Resource Files</Filter>
    </None>
    <None Include="res\stopsign.ico">
      <Filter>Resource Files</Filter>
    </None>
    <None Include="Res\Toolbar.bmp">
      <Filter>Resource Files</Filter>
    </None>
    <None Include="Res\Velmadoc.ico">
      <Filter>Resource Files</Filter>
    </None>
    <None Include="Res\Velman.ico">
      <Filter>Resource Files</Filter>
    </None>
    <None Include="res\velman.rc2">
      <Filter>Resource Files</Filter>
    </None>
  </ItemGroup>
  <ItemGroup>
    <ResourceCompile Include="Velman.rc">
      <Filter>Source Files</Filter>
    </ResourceCompile>
  </ItemGroup>
  <ItemGroup>
    <ClInclude Include="Acorrdlg.h">
      <Filter>Header Files</Filter>
    </ClInclude>
    <ClInclude Include="ChooseAGridDlg.h">
      <Filter>Header Files</Filter>
    </ClInclude>
    <ClInclude Include="ChooseManyGridsDlg.h">
      <Filter>Header Files</Filter>
    </ClInclude>
    <ClInclude Include="Cmntypes.h">
      <Filter>Header Files</Filter>
    </ClInclude>
    <ClInclude Include="colourmodel.h">
      <Filter>Header Files</Filter>
    </ClInclude>
    <ClInclude Include="ConfigForm.h">
      <Filter>Header Files</Filter>
    </ClInclude>
    <ClInclude Include="Contour.h">
      <Filter>Header Files</Filter>
    </ClInclude>
    <ClInclude Include="DCTSDlg.h">
      <Filter>Header Files</Filter>
    </ClInclude>
    <ClInclude Include="Distmat.h">
      <Filter>Header Files</Filter>
    </ClInclude>
    <ClInclude Include="dlinmin.h">
      <Filter>Header Files</Filter>
    </ClInclude>
    <ClInclude Include="Expfit.h">
      <Filter>Header Files</Filter>
    </ClInclude>
    <ClInclude Include="Faultcub.h">
      <Filter>Header Files</Filter>
    </ClInclude>
    <ClInclude Include="Fetps.h">
      <Filter>Header Files</Filter>
    </ClInclude>
    <ClInclude Include="Fft.h">
      <Filter>Header Files</Filter>
    </ClInclude>
    <ClInclude Include="Fft_dlg.h">
      <Filter>Header Files</Filter>
    </ClInclude>
    <ClInclude Include="Finetune.h">
      <Filter>Header Files</Filter>
    </ClInclude>
    <ClInclude Include="FT_QH1.h">
      <Filter>Header Files</Filter>
    </ClInclude>
    <ClInclude Include="FT_QH2.h">
      <Filter>Header Files</Filter>
    </ClInclude>
    <ClInclude Include="FT_Sheet.h">
      <Filter>Header Files</Filter>
    </ClInclude>
    <ClInclude Include="FTCF_P.h">
      <Filter>Header Files</Filter>
    </ClInclude>
    <ClInclude Include="FTF_P.h">
      <Filter>Header Files</Filter>
    </ClInclude>
    <ClInclude Include="FTM_P.h">
      <Filter>Header Files</Filter>
    </ClInclude>
    <ClInclude Include="ftrespag.h">
      <Filter>Header Files</Filter>
    </ClInclude>
    <ClInclude Include="FTW_P.h">
      <Filter>Header Files</Filter>
    </ClInclude>
    <ClInclude Include="Funclib.h">
      <Filter>Header Files</Filter>
    </ClInclude>
    <ClInclude Include="GDbLDlg.h">
      <Filter>Header Files</Filter>
    </ClInclude>
    <ClInclude Include="Global.h">
      <Filter>Header Files</Filter>
    </ClInclude>
    <ClInclude Include="gridio.h">
      <Filter>Header Files</Filter>
    </ClInclude>
    <ClInclude Include="Helper.h">
      <Filter>Header Files</Filter>
    </ClInclude>
    <ClInclude Include="Httdlg.h">
      <Filter>Header Files</Filter>
    </ClInclude>
    <ClInclude Include="Linmin.h">
      <Filter>Header Files</Filter>
    </ClInclude>
    <ClInclude Include="Mainfrm.h">
      <Filter>Header Files</Filter>
    </ClInclude>
    <ClInclude Include="Map1View.h">
      <Filter>Header Files</Filter>
    </ClInclude>
    <ClInclude Include="Nrutil.h">
      <Filter>Header Files</Filter>
    </ClInclude>
    <ClInclude Include="Numericr.h">
      <Filter>Header Files</Filter>
    </ClInclude>
    <ClInclude Include="numerics.h">
      <Filter>Header Files</Filter>
    </ClInclude>
    <ClInclude Include="OpenFileBrowser.h">
      <Filter>Header Files</Filter>
    </ClInclude>
    <ClInclude Include="PLogDlg.h">
      <Filter>Header Files</Filter>
    </ClInclude>
    <ClInclude Include="RayTracePropsDlg.h">
      <Filter>Header Files</Filter>
    </ClInclude>
    <ClInclude Include="RebSDlg.h">
      <Filter>Header Files</Filter>
    </ClInclude>
    <ClInclude Include="Resource.h">
      <Filter>Header Files</Filter>
    </ClInclude>
    <ClInclude Include="SDCODlg.h">
      <Filter>Header Files</Filter>
    </ClInclude>
    <ClInclude Include="Seisdata.h">
      <Filter>Header Files</Filter>
    </ClInclude>
    <ClInclude Include="Sgo_dlg.h">
      <Filter>Header Files</Filter>
    </ClInclude>
    <ClInclude Include="Stdafx.h">
      <Filter>Header Files</Filter>
    </ClInclude>
    <ClInclude Include="SWODlg.h">
      <Filter>Header Files</Filter>
    </ClInclude>
    <ClInclude Include="TCDptDlg.h">
      <Filter>Header Files</Filter>
    </ClInclude>
    <ClInclude Include="TieImDlg.h">
      <Filter>Header Files</Filter>
    </ClInclude>
    <ClInclude Include="Tpswrap.h">
      <Filter>Header Files</Filter>
    </ClInclude>
    <ClInclude Include="Unixcp3.h">
      <Filter>Header Files</Filter>
    </ClInclude>
    <ClInclude Include="Unixmfd.h">
      <Filter>Header Files</Filter>
    </ClInclude>
    <ClInclude Include="Velman.h">
      <Filter>Header Files</Filter>
    </ClInclude>
    <ClInclude Include="VelmanPalette.h">
      <Filter>Header Files</Filter>
    </ClInclude>
    <ClInclude Include="Wellclas.h">
      <Filter>Header Files</Filter>
    </ClInclude>
    <ClInclude Include="Zims_rec.h">
      <Filter>Header Files</Filter>
    </ClInclude>
    <ClInclude Include="Zimscube.h">
      <Filter>Header Files</Filter>
    </ClInclude>
    <ClInclude Include="RmsImportDlg.h">
      <Filter>Header Files</Filter>
    </ClInclude>
    <ClInclude Include="WellForecastDlg.h">
      <Filter>Header Files</Filter>
    </ClInclude>
    <ClInclude Include="WellhorzDlg.h">
      <Filter>Header Files</Filter>
    </ClInclude>
    <ClInclude Include="IMRDlg.h">
      <Filter>Header Files</Filter>
    </ClInclude>
    <ClInclude Include="EditwellDlg.h">
      <Filter>Header Files</Filter>
    </ClInclude>
    <ClInclude Include="ProgressDlg.h">
      <Filter>Header Files</Filter>
    </ClInclude>
    <ClInclude Include="ChooseWellDlg.h">
      <Filter>Header Files</Filter>
    </ClInclude>
    <ClInclude Include="OverwriteNullDlg.h">
      <Filter>Header Files</Filter>
    </ClInclude>
    <ClInclude Include="DesignateGridDlg.h">
      <Filter>Header Files</Filter>
    </ClInclude>
    <ClInclude Include="WellTablesDlg.h">
      <Filter>Header Files</Filter>
    </ClInclude>
    <ClInclude Include="WellDataView.h">
      <Filter>Header Files</Filter>
    </ClInclude>
    <ClInclude Include="2dsuppDlg.h">
      <Filter>Header Files</Filter>
    </ClInclude>
    <ClInclude Include="ConstantGridDlg.h">
      <Filter>Header Files</Filter>
    </ClInclude>
    <ClInclude Include="ContourSettingsDlg.h">
      <Filter>Header Files</Filter>
    </ClInclude>
    <ClInclude Include="CoarseViewDlg.h">
      <Filter>Header Files</Filter>
    </ClInclude>
    <ClInclude Include="DefineHorDlg.h">
      <Filter>Header Files</Filter>
    </ClInclude>
    <ClInclude Include="FiltManDlg.h">
      <Filter>Header Files</Filter>
    </ClInclude>
    <ClInclude Include="GridArithDlg.h">
      <Filter>Header Files</Filter>
    </ClInclude>
    <ClInclude Include="GridExpDlg.h">
      <Filter>Header Files</Filter>
    </ClInclude>
    <ClInclude Include="GridImpDlg.h">
      <Filter>Header Files</Filter>
    </ClInclude>
    <ClInclude Include="GridStatDlg.h">
      <Filter>Header Files</Filter>
    </ClInclude>
    <ClInclude Include="ImpWellHorDataDlg.h">
      <Filter>Header Files</Filter>
    </ClInclude>
    <ClInclude Include="LimitGridDlg.h">
      <Filter>Header Files</Filter>
    </ClInclude>
    <ClInclude Include="LineCodeDlg.h">
      <Filter>Header Files</Filter>
    </ClInclude>
    <ClInclude Include="ListModelsView.h">
      <Filter>Header Files</Filter>
    </ClInclude>
    <ClInclude Include="GridRenameDlg.h">
      <Filter>Header Files</Filter>
    </ClInclude>
    <ClInclude Include="MapErrorDlg.h">
      <Filter>Header Files</Filter>
    </ClInclude>
    <ClInclude Include="ChooseLayerDlg.h">
      <Filter>Header Files</Filter>
    </ClInclude>
    <ClInclude Include="ChooseModelDlg.h">
      <Filter>Header Files</Filter>
    </ClInclude>
    <ClInclude Include="NewDirDlg.h">
      <Filter>Header Files</Filter>
    </ClInclude>
    <ClInclude Include="NewProj3Dlg.h">
      <Filter>Header Files</Filter>
    </ClInclude>
    <ClInclude Include="NewProj1Dlg.h">
      <Filter>Header Files</Filter>
    </ClInclude>
    <ClInclude Include="NewProj2Dlg.h">
      <Filter>Header Files</Filter>
    </ClInclude>
    <ClInclude Include="ProjGuideDlg.h">
      <Filter>Header Files</Filter>
    </ClInclude>
    <ClInclude Include="SpecAnalysisDlg.h">
      <Filter>Header Files</Filter>
    </ClInclude>
    <ClInclude Include="ContourView.h">
      <Filter>Header Files</Filter>
    </ClInclude>
    <ClInclude Include="ImportErrorDlg.h">
      <Filter>Header Files</Filter>
    </ClInclude>
    <ClInclude Include="TestImpResDlg.h">
      <Filter>Header Files</Filter>
    </ClInclude>
    <ClInclude Include="VelmanView.h">
      <Filter>Header Files</Filter>
    </ClInclude>
    <ClInclude Include="WellPoint.h">
      <Filter>Header Files</Filter>
    </ClInclude>
    <ClInclude Include="WarnoModDlg.h">
      <Filter>Header Files</Filter>
    </ClInclude>
    <ClInclude Include="VelmanDoc.h">
      <Filter>Header Files</Filter>
    </ClInclude>
  </ItemGroup>
</Project>